
Microsoft Visual Studio Solution File, Format Version 12.00
# Visual Studio Version 16
VisualStudioVersion = 16.0.31424.327
MinimumVisualStudioVersion = 10.0.40219.1
Project("{9A19103F-16F7-4668-BE54-9A1E7A4F7556}") = "Oversteer.Web", "Oversteer.Web\Oversteer.Web.csproj", "{D001DF93-795C-48CE-B938-30214E121272}"
EndProject
Project("{2150E333-8FDC-42A3-9474-1A3956D46DE8}") = "Data", "Data", "{1C15E6F7-9C74-4E48-A909-5103C8B26AC0}"
EndProject
Project("{9A19103F-16F7-4668-BE54-9A1E7A4F7556}") = "Oversteer.Data", "Oversteer.Data\Oversteer.Data.csproj", "{264B7F4A-9E6B-4F3A-B1D9-AD26979B03D8}"
EndProject
Project("{9A19103F-16F7-4668-BE54-9A1E7A4F7556}") = "Oversteer.Data.Models", "Oversteer.Data.Models\Oversteer.Data.Models.csproj", "{9DEC3E7F-5F2D-4BB2-BE55-6BB09C19B6C6}"
EndProject
Project("{9A19103F-16F7-4668-BE54-9A1E7A4F7556}") = "Oversteer.Data.Common", "Oversteer.Data.Common\Oversteer.Data.Common.csproj", "{B0090C5C-E28D-42AF-8E5A-5E925BE356A7}"
EndProject
Project("{2150E333-8FDC-42A3-9474-1A3956D46DE8}") = "Services", "Services", "{560031D4-E164-408C-9C75-859F476D7845}"
EndProject
Project("{2150E333-8FDC-42A3-9474-1A3956D46DE8}") = "Web", "Web", "{F0DEB020-9C65-45F8-BA2C-E991554E5A30}"
EndProject
Project("{9A19103F-16F7-4668-BE54-9A1E7A4F7556}") = "Oversteer.Web.ViewModels", "Oversteer.Web.ViewModels\Oversteer.Web.ViewModels.csproj", "{601C54F7-99D3-46B4-84FD-D7C49495F795}"
EndProject
Project("{9A19103F-16F7-4668-BE54-9A1E7A4F7556}") = "Oversteer.Web.Infrastructure", "Oversteer.Web.Infrastructure\Oversteer.Web.Infrastructure.csproj", "{9C6AF455-5E38-4613-A28F-F9F68BD9AF2A}"
EndProject
Project("{FAE04EC0-301F-11D3-BF4B-00C04F79EFBC}") = "Oversteer.Services", "Oversteer.Services\Oversteer.Services.csproj", "{26AC10FE-5558-4EB4-BE05-F2F5FFCE04EE}"
EndProject
Global
	GlobalSection(SolutionConfigurationPlatforms) = preSolution
		Debug|Any CPU = Debug|Any CPU
		Release|Any CPU = Release|Any CPU
	EndGlobalSection
	GlobalSection(ProjectConfigurationPlatforms) = postSolution
		{D001DF93-795C-48CE-B938-30214E121272}.Debug|Any CPU.ActiveCfg = Debug|Any CPU
		{D001DF93-795C-48CE-B938-30214E121272}.Debug|Any CPU.Build.0 = Debug|Any CPU
		{D001DF93-795C-48CE-B938-30214E121272}.Release|Any CPU.ActiveCfg = Release|Any CPU
		{D001DF93-795C-48CE-B938-30214E121272}.Release|Any CPU.Build.0 = Release|Any CPU
		{264B7F4A-9E6B-4F3A-B1D9-AD26979B03D8}.Debug|Any CPU.ActiveCfg = Debug|Any CPU
		{264B7F4A-9E6B-4F3A-B1D9-AD26979B03D8}.Debug|Any CPU.Build.0 = Debug|Any CPU
		{264B7F4A-9E6B-4F3A-B1D9-AD26979B03D8}.Release|Any CPU.ActiveCfg = Release|Any CPU
		{264B7F4A-9E6B-4F3A-B1D9-AD26979B03D8}.Release|Any CPU.Build.0 = Release|Any CPU
		{9DEC3E7F-5F2D-4BB2-BE55-6BB09C19B6C6}.Debug|Any CPU.ActiveCfg = Debug|Any CPU
		{9DEC3E7F-5F2D-4BB2-BE55-6BB09C19B6C6}.Debug|Any CPU.Build.0 = Debug|Any CPU
		{9DEC3E7F-5F2D-4BB2-BE55-6BB09C19B6C6}.Release|Any CPU.ActiveCfg = Release|Any CPU
		{9DEC3E7F-5F2D-4BB2-BE55-6BB09C19B6C6}.Release|Any CPU.Build.0 = Release|Any CPU
		{B0090C5C-E28D-42AF-8E5A-5E925BE356A7}.Debug|Any CPU.ActiveCfg = Debug|Any CPU
		{B0090C5C-E28D-42AF-8E5A-5E925BE356A7}.Debug|Any CPU.Build.0 = Debug|Any CPU
		{B0090C5C-E28D-42AF-8E5A-5E925BE356A7}.Release|Any CPU.ActiveCfg = Release|Any CPU
		{B0090C5C-E28D-42AF-8E5A-5E925BE356A7}.Release|Any CPU.Build.0 = Release|Any CPU
		{601C54F7-99D3-46B4-84FD-D7C49495F795}.Debug|Any CPU.ActiveCfg = Debug|Any CPU
		{601C54F7-99D3-46B4-84FD-D7C49495F795}.Debug|Any CPU.Build.0 = Debug|Any CPU
		{601C54F7-99D3-46B4-84FD-D7C49495F795}.Release|Any CPU.ActiveCfg = Release|Any CPU
		{601C54F7-99D3-46B4-84FD-D7C49495F795}.Release|Any CPU.Build.0 = Release|Any CPU
		{9C6AF455-5E38-4613-A28F-F9F68BD9AF2A}.Debug|Any CPU.ActiveCfg = Debug|Any CPU
		{9C6AF455-5E38-4613-A28F-F9F68BD9AF2A}.Debug|Any CPU.Build.0 = Debug|Any CPU
		{9C6AF455-5E38-4613-A28F-F9F68BD9AF2A}.Release|Any CPU.ActiveCfg = Release|Any CPU
		{9C6AF455-5E38-4613-A28F-F9F68BD9AF2A}.Release|Any CPU.Build.0 = Release|Any CPU
		{26AC10FE-5558-4EB4-BE05-F2F5FFCE04EE}.Debug|Any CPU.ActiveCfg = Debug|Any CPU
		{26AC10FE-5558-4EB4-BE05-F2F5FFCE04EE}.Debug|Any CPU.Build.0 = Debug|Any CPU
		{26AC10FE-5558-4EB4-BE05-F2F5FFCE04EE}.Release|Any CPU.ActiveCfg = Release|Any CPU
		{26AC10FE-5558-4EB4-BE05-F2F5FFCE04EE}.Release|Any CPU.Build.0 = Release|Any CPU
	EndGlobalSection
	GlobalSection(SolutionProperties) = preSolution
		HideSolutionNode = FALSE
	EndGlobalSection
	GlobalSection(NestedProjects) = preSolution
		{D001DF93-795C-48CE-B938-30214E121272} = {F0DEB020-9C65-45F8-BA2C-E991554E5A30}
		{264B7F4A-9E6B-4F3A-B1D9-AD26979B03D8} = {1C15E6F7-9C74-4E48-A909-5103C8B26AC0}
		{9DEC3E7F-5F2D-4BB2-BE55-6BB09C19B6C6} = {1C15E6F7-9C74-4E48-A909-5103C8B26AC0}
		{B0090C5C-E28D-42AF-8E5A-5E925BE356A7} = {1C15E6F7-9C74-4E48-A909-5103C8B26AC0}
		{601C54F7-99D3-46B4-84FD-D7C49495F795} = {F0DEB020-9C65-45F8-BA2C-E991554E5A30}
		{9C6AF455-5E38-4613-A28F-F9F68BD9AF2A} = {F0DEB020-9C65-45F8-BA2C-E991554E5A30}
		{26AC10FE-5558-4EB4-BE05-F2F5FFCE04EE} = {560031D4-E164-408C-9C75-859F476D7845}
	EndGlobalSection
	GlobalSection(ExtensibilityGlobals) = postSolution
		SolutionGuid = {7A0790A9-CAA9-4061-8C64-F941CB9EE544}
	EndGlobalSection
EndGlobal
